{
    "_readme": [
        "This file locks the dependencies of your project to a known state",
        "Read more about it at https://getcomposer.org/doc/01-basic-usage.md#installing-dependencies",
        "This file is @generated automatically"
    ],
    "content-hash": "74a9c05f67d81454ec06abc9a50ed30b",
    "packages": [
        {
            "name": "vgrem/php-spo",
            "version": "2.5.2",
            "source": {
                "type": "git",
                "url": "https://github.com/vgrem/phpSPO.git",
                "reference": "dc6c82d8891310ea2a0fa27fc2b67cfb80185d4d"
            },
            "dist": {
                "type": "zip",
                "url": "https://api.github.com/repos/vgrem/phpSPO/zipball/dc6c82d8891310ea2a0fa27fc2b67cfb80185d4d",
                "reference": "dc6c82d8891310ea2a0fa27fc2b67cfb80185d4d",
                "shasum": ""
            },
            "require": {
                "ext-curl": "*",
                "ext-dom": "*",
                "ext-json": "*",
                "ext-libxml": "*",
                "ext-simplexml": "*",
                "php": ">=5.5"
            },
            "require-dev": {
                "phpunit/phpunit": "^5"
            },
            "type": "library",
            "autoload": {
                "psr-4": {
                    "Office365\\": "src/"
                }
            },
            "notification-url": "https://packagist.org/downloads/",
            "license": [
                "MIT"
            ],
            "authors": [
                {
                    "name": "Vadim Gremyachev",
                    "email": "vvgrem@gmail.com"
                }
            ],
            "description": "PHP Office 365 library. It allows to performs CRUD operations against Office 365 resources via an REST/OData based API",
            "keywords": [
                "Office365",
                "api",
                "curl",
                "microsoftgraph",
                "rest"
            ],
            "support": {
                "issues": "https://github.com/vgrem/phpSPO/issues",
                "source": "https://github.com/vgrem/phpSPO/tree/2.5.2"
            },
            "time": "2021-10-09T10:51:05+00:00"
        }
    ],
    "packages-dev": [],
    "aliases": [],
    "minimum-stability": "stable",
    "stability-flags": [],
    "prefer-stable": false,
    "prefer-lowest": false,
    "platform": [],
    "platform-dev": [],
    "plugin-api-version": "2.1.0"
}
